
Microsoft Visual Studio Solution File, Format Version 12.00
# Visual Studio 15
VisualStudioVersion = 15.0.28010.2050
MinimumVisualStudioVersion = 10.0.40219.1
Project("{FAE04EC0-301F-11D3-BF4B-00C04F79EFBC}") = "MoneyManager", "MoneyManager.csproj", "{2434F943-21F9-4A9C-B1C8-6B4B8F9E287C}"
EndProject
Global
	GlobalSection(SolutionConfigurationPlatforms) = preSolution
		Debug|Any CPU = Debug|Any CPU
		Release|Any CPU = Release|Any CPU
	EndGlobalSection
	GlobalSection(ProjectConfigurationPlatforms) = postSolution
		{2434F943-21F9-4A9C-B1C8-6B4B8F9E287C}.Debug|Any CPU.ActiveCfg = Debug|Any CPU
		{2434F943-21F9-4A9C-B1C8-6B4B8F9E287C}.Debug|Any CPU.Build.0 = Debug|Any CPU
		{2434F943-21F9-4A9C-B1C8-6B4B8F9E287C}.Release|Any CPU.ActiveCfg = Release|Any CPU
		{2434F943-21F9-4A9C-B1C8-6B4B8F9E287C}.Release|Any CPU.Build.0 = Release|Any CPU
	EndGlobalSection
	GlobalSection(SolutionProperties) = preSolution
		HideSolutionNode = FALSE
	EndGlobalSection
	GlobalSection(ExtensibilityGlobals) = postSolution
		SolutionGuid = {5576702E-EE0F-4A27-BE30-20E247A63602}
	EndGlobalSection
EndGlobal
